
Microsoft Visual Studio Solution File, Format Version 12.00
# Visual Studio Version 16
VisualStudioVersion = 16.0.30011.22
MinimumVisualStudioVersion = 10.0.40219.1
Project("{9A19103F-16F7-4668-BE54-9A1E7A4F7556}") = "ChatHeads", "ChatHeads\ChatHeads.csproj", "{104D3FB4-9D09-4DDF-91CF-E56687A5EA02}"
EndProject
Project("{9A19103F-16F7-4668-BE54-9A1E7A4F7556}") = "ChatHeads.UI.Controls", "ChatHeads.UI.Controls\ChatHeads.UI.Controls.csproj", "{C4BEC23F-A0E9-4055-9F48-C297B90A1442}"
EndProject
Project("{9A19103F-16F7-4668-BE54-9A1E7A4F7556}") = "ChatHeads.UI", "ChatHeads.UI\ChatHeads.UI.csproj", "{DDF5CB72-B29A-411D-A7C8-F89FB3DCD9FA}"
EndProject
Project("{9A19103F-16F7-4668-BE54-9A1E7A4F7556}") = "ChatHeads.Shared", "ChatHeads.Shared\ChatHeads.Shared.csproj", "{6E3D592B-75DE-4ADC-8C83-80CFD6DF1547}"
EndProject
Project("{C7167F0D-BC9F-4E6E-AFE1-012C56B48DB5}") = "ChatHeads.Package", "ChatHeads.Package\ChatHeads.Package.wapproj", "{8BE3DC71-8A9E-4517-B292-F639E804CE69}"
EndProject
Project("{FAE04EC0-301F-11D3-BF4B-00C04F79EFBC}") = "ChatHeads.Data", "ChatHeads.Data\ChatHeads.Data.csproj", "{15F40FA6-0794-4774-88F3-BA6571D633D2}"
EndProject
Global
	GlobalSection(SolutionConfigurationPlatforms) = preSolution
		Debug|Any CPU = Debug|Any CPU
		Debug|ARM = Debug|ARM
		Debug|ARM64 = Debug|ARM64
		Debug|x64 = Debug|x64
		Debug|x86 = Debug|x86
		Release|Any CPU = Release|Any CPU
		Release|ARM = Release|ARM
		Release|ARM64 = Release|ARM64
		Release|x64 = Release|x64
		Release|x86 = Release|x86
	EndGlobalSection
	GlobalSection(ProjectConfigurationPlatforms) = postSolution
		{104D3FB4-9D09-4DDF-91CF-E56687A5EA02}.Debug|Any CPU.ActiveCfg = Debug|Any CPU
		{104D3FB4-9D09-4DDF-91CF-E56687A5EA02}.Debug|Any CPU.Build.0 = Debug|Any CPU
		{104D3FB4-9D09-4DDF-91CF-E56687A5EA02}.Debug|ARM.ActiveCfg = Debug|Any CPU
		{104D3FB4-9D09-4DDF-91CF-E56687A5EA02}.Debug|ARM.Build.0 = Debug|Any CPU
		{104D3FB4-9D09-4DDF-91CF-E56687A5EA02}.Debug|ARM64.ActiveCfg = Debug|Any CPU
		{104D3FB4-9D09-4DDF-91CF-E56687A5EA02}.Debug|ARM64.Build.0 = Debug|Any CPU
		{104D3FB4-9D09-4DDF-91CF-E56687A5EA02}.Debug|x64.ActiveCfg = Debug|Any CPU
		{104D3FB4-9D09-4DDF-91CF-E56687A5EA02}.Debug|x64.Build.0 = Debug|Any CPU
		{104D3FB4-9D09-4DDF-91CF-E56687A5EA02}.Debug|x86.ActiveCfg = Debug|Any CPU
		{104D3FB4-9D09-4DDF-91CF-E56687A5EA02}.Debug|x86.Build.0 = Debug|Any CPU
		{104D3FB4-9D09-4DDF-91CF-E56687A5EA02}.Release|Any CPU.ActiveCfg = Release|Any CPU
		{104D3FB4-9D09-4DDF-91CF-E56687A5EA02}.Release|Any CPU.Build.0 = Release|Any CPU
		{104D3FB4-9D09-4DDF-91CF-E56687A5EA02}.Release|ARM.ActiveCfg = Release|Any CPU
		{104D3FB4-9D09-4DDF-91CF-E56687A5EA02}.Release|ARM.Build.0 = Release|Any CPU
		{104D3FB4-9D09-4DDF-91CF-E56687A5EA02}.Release|ARM64.ActiveCfg = Release|Any CPU
		{104D3FB4-9D09-4DDF-91CF-E56687A5EA02}.Release|ARM64.Build.0 = Release|Any CPU
		{104D3FB4-9D09-4DDF-91CF-E56687A5EA02}.Release|x64.ActiveCfg = Release|Any CPU
		{104D3FB4-9D09-4DDF-91CF-E56687A5EA02}.Release|x64.Build.0 = Release|Any CPU
		{104D3FB4-9D09-4DDF-91CF-E56687A5EA02}.Release|x86.ActiveCfg = Release|Any CPU
		{104D3FB4-9D09-4DDF-91CF-E56687A5EA02}.Release|x86.Build.0 = Release|Any CPU
		{C4BEC23F-A0E9-4055-9F48-C297B90A1442}.Debug|Any CPU.ActiveCfg = Debug|Any CPU
		{C4BEC23F-A0E9-4055-9F48-C297B90A1442}.Debug|Any CPU.Build.0 = Debug|Any CPU
		{C4BEC23F-A0E9-4055-9F48-C297B90A1442}.Debug|ARM.ActiveCfg = Debug|Any CPU
		{C4BEC23F-A0E9-4055-9F48-C297B90A1442}.Debug|ARM.Build.0 = Debug|Any CPU
		{C4BEC23F-A0E9-4055-9F48-C297B90A1442}.Debug|ARM64.ActiveCfg = Debug|Any CPU
		{C4BEC23F-A0E9-4055-9F48-C297B90A1442}.Debug|ARM64.Build.0 = Debug|Any CPU
		{C4BEC23F-A0E9-4055-9F48-C297B90A1442}.Debug|x64.ActiveCfg = Debug|Any CPU
		{C4BEC23F-A0E9-4055-9F48-C297B90A1442}.Debug|x64.Build.0 = Debug|Any CPU
		{C4BEC23F-A0E9-4055-9F48-C297B90A1442}.Debug|x86.ActiveCfg = Debug|Any CPU
		{C4BEC23F-A0E9-4055-9F48-C297B90A1442}.Debug|x86.Build.0 = Debug|Any CPU
		{C4BEC23F-A0E9-4055-9F48-C297B90A1442}.Release|Any CPU.ActiveCfg = Release|Any CPU
		{C4BEC23F-A0E9-4055-9F48-C297B90A1442}.Release|Any CPU.Build.0 = Release|Any CPU
		{C4BEC23F-A0E9-4055-9F48-C297B90A1442}.Release|ARM.ActiveCfg = Release|Any CPU
		{C4BEC23F-A0E9-4055-9F48-C297B90A1442}.Release|ARM.Build.0 = Release|Any CPU
		{C4BEC23F-A0E9-4055-9F48-C297B90A1442}.Release|ARM64.ActiveCfg = Release|Any CPU
		{C4BEC23F-A0E9-4055-9F48-C297B90A1442}.Release|ARM64.Build.0 = Release|Any CPU
		{C4BEC23F-A0E9-4055-9F48-C297B90A1442}.Release|x64.ActiveCfg = Release|Any CPU
		{C4BEC23F-A0E9-4055-9F48-C297B90A1442}.Release|x64.Build.0 = Release|Any CPU
		{C4BEC23F-A0E9-4055-9F48-C297B90A1442}.Release|x86.ActiveCfg = Release|Any CPU
		{C4BEC23F-A0E9-4055-9F48-C297B90A1442}.Release|x86.Build.0 = Release|Any CPU
		{DDF5CB72-B29A-411D-A7C8-F89FB3DCD9FA}.Debug|Any CPU.ActiveCfg = Debug|Any CPU
		{DDF5CB72-B29A-411D-A7C8-F89FB3DCD9FA}.Debug|Any CPU.Build.0 = Debug|Any CPU
		{DDF5CB72-B29A-411D-A7C8-F89FB3DCD9FA}.Debug|ARM.ActiveCfg = Debug|Any CPU
		{DDF5CB72-B29A-411D-A7C8-F89FB3DCD9FA}.Debug|ARM.Build.0 = Debug|Any CPU
		{DDF5CB72-B29A-411D-A7C8-F89FB3DCD9FA}.Debug|ARM64.ActiveCfg = Debug|Any CPU
		{DDF5CB72-B29A-411D-A7C8-F89FB3DCD9FA}.Debug|ARM64.Build.0 = Debug|Any CPU
		{DDF5CB72-B29A-411D-A7C8-F89FB3DCD9FA}.Debug|x64.ActiveCfg = Debug|Any CPU
		{DDF5CB72-B29A-411D-A7C8-F89FB3DCD9FA}.Debug|x64.Build.0 = Debug|Any CPU
		{DDF5CB72-B29A-411D-A7C8-F89FB3DCD9FA}.Debug|x86.ActiveCfg = Debug|Any CPU
		{DDF5CB72-B29A-411D-A7C8-F89FB3DCD9FA}.Debug|x86.Build.0 = Debug|Any CPU
		{DDF5CB72-B29A-411D-A7C8-F89FB3DCD9FA}.Release|Any CPU.ActiveCfg = Release|Any CPU
		{DDF5CB72-B29A-411D-A7C8-F89FB3DCD9FA}.Release|Any CPU.Build.0 = Release|Any CPU
		{DDF5CB72-B29A-411D-A7C8-F89FB3DCD9FA}.Release|ARM.ActiveCfg = Release|Any CPU
		{DDF5CB72-B29A-411D-A7C8-F89FB3DCD9FA}.Release|ARM.Build.0 = Release|Any CPU
		{DDF5CB72-B29A-411D-A7C8-F89FB3DCD9FA}.Release|ARM64.ActiveCfg = Release|Any CPU
		{DDF5CB72-B29A-411D-A7C8-F89FB3DCD9FA}.Release|ARM64.Build.0 = Release|Any CPU
		{DDF5CB72-B29A-411D-A7C8-F89FB3DCD9FA}.Release|x64.ActiveCfg = Release|Any CPU
		{DDF5CB72-B29A-411D-A7C8-F89FB3DCD9FA}.Release|x64.Build.0 = Release|Any CPU
		{DDF5CB72-B29A-411D-A7C8-F89FB3DCD9FA}.Release|x86.ActiveCfg = Release|Any CPU
		{DDF5CB72-B29A-411D-A7C8-F89FB3DCD9FA}.Release|x86.Build.0 = Release|Any CPU
		{6E3D592B-75DE-4ADC-8C83-80CFD6DF1547}.Debug|Any CPU.ActiveCfg = Debug|Any CPU
		{6E3D592B-75DE-4ADC-8C83-80CFD6DF1547}.Debug|Any CPU.Build.0 = Debug|Any CPU
		{6E3D592B-75DE-4ADC-8C83-80CFD6DF1547}.Debug|ARM.ActiveCfg = Debug|Any CPU
		{6E3D592B-75DE-4ADC-8C83-80CFD6DF1547}.Debug|ARM.Build.0 = Debug|Any CPU
		{6E3D592B-75DE-4ADC-8C83-80CFD6DF1547}.Debug|ARM64.ActiveCfg = Debug|Any CPU
		{6E3D592B-75DE-4ADC-8C83-80CFD6DF1547}.Debug|ARM64.Build.0 = Debug|Any CPU
		{6E3D592B-75DE-4ADC-8C83-80CFD6DF1547}.Debug|x64.ActiveCfg = Debug|Any CPU
		{6E3D592B-75DE-4ADC-8C83-80CFD6DF1547}.Debug|x64.Build.0 = Debug|Any CPU
		{6E3D592B-75DE-4ADC-8C83-80CFD6DF1547}.Debug|x86.ActiveCfg = Debug|Any CPU
		{6E3D592B-75DE-4ADC-8C83-80CFD6DF1547}.Debug|x86.Build.0 = Debug|Any CPU
		{6E3D592B-75DE-4ADC-8C83-80CFD6DF1547}.Release|Any CPU.ActiveCfg = Release|Any CPU
		{6E3D592B-75DE-4ADC-8C83-80CFD6DF1547}.Release|Any CPU.Build.0 = Release|Any CPU
		{6E3D592B-75DE-4ADC-8C83-80CFD6DF1547}.Release|ARM.ActiveCfg = Release|Any CPU
		{6E3D592B-75DE-4ADC-8C83-80CFD6DF1547}.Release|ARM.Build.0 = Release|Any CPU
		{6E3D592B-75DE-4ADC-8C83-80CFD6DF1547}.Release|ARM64.ActiveCfg = Release|Any CPU
		{6E3D592B-75DE-4ADC-8C83-80CFD6DF1547}.Release|ARM64.Build.0 = Release|Any CPU
		{6E3D592B-75DE-4ADC-8C83-80CFD6DF1547}.Release|x64.ActiveCfg = Release|Any CPU
		{6E3D592B-75DE-4ADC-8C83-80CFD6DF1547}.Release|x64.Build.0 = Release|Any CPU
		{6E3D592B-75DE-4ADC-8C83-80CFD6DF1547}.Release|x86.ActiveCfg = Release|Any CPU
		{6E3D592B-75DE-4ADC-8C83-80CFD6DF1547}.Release|x86.Build.0 = Release|Any CPU
		{8BE3DC71-8A9E-4517-B292-F639E804CE69}.Debug|Any CPU.ActiveCfg = Debug|Any CPU
		{8BE3DC71-8A9E-4517-B292-F639E804CE69}.Debug|Any CPU.Build.0 = Debug|Any CPU
		{8BE3DC71-8A9E-4517-B292-F639E804CE69}.Debug|Any CPU.Deploy.0 = Debug|Any CPU
		{8BE3DC71-8A9E-4517-B292-F639E804CE69}.Debug|ARM.ActiveCfg = Debug|ARM
		{8BE3DC71-8A9E-4517-B292-F639E804CE69}.Debug|ARM.Build.0 = Debug|ARM
		{8BE3DC71-8A9E-4517-B292-F639E804CE69}.Debug|ARM.Deploy.0 = Debug|ARM
		{8BE3DC71-8A9E-4517-B292-F639E804CE69}.Debug|ARM64.ActiveCfg = Debug|ARM64
		{8BE3DC71-8A9E-4517-B292-F639E804CE69}.Debug|ARM64.Build.0 = Debug|ARM64
		{8BE3DC71-8A9E-4517-B292-F639E804CE69}.Debug|ARM64.Deploy.0 = Debug|ARM64
		{8BE3DC71-8A9E-4517-B292-F639E804CE69}.Debug|x64.ActiveCfg = Debug|x64
		{8BE3DC71-8A9E-4517-B292-F639E804CE69}.Debug|x64.Build.0 = Debug|x64
		{8BE3DC71-8A9E-4517-B292-F639E804CE69}.Debug|x64.Deploy.0 = Debug|x64
		{8BE3DC71-8A9E-4517-B292-F639E804CE69}.Debug|x86.ActiveCfg = Debug|x86
		{8BE3DC71-8A9E-4517-B292-F639E804CE69}.Debug|x86.Build.0 = Debug|x86
		{8BE3DC71-8A9E-4517-B292-F639E804CE69}.Debug|x86.Deploy.0 = Debug|x86
		{8BE3DC71-8A9E-4517-B292-F639E804CE69}.Release|Any CPU.ActiveCfg = Release|Any CPU
		{8BE3DC71-8A9E-4517-B292-F639E804CE69}.Release|Any CPU.Build.0 = Release|Any CPU
		{8BE3DC71-8A9E-4517-B292-F639E804CE69}.Release|Any CPU.Deploy.0 = Release|Any CPU
		{8BE3DC71-8A9E-4517-B292-F639E804CE69}.Release|ARM.ActiveCfg = Release|ARM
		{8BE3DC71-8A9E-4517-B292-F639E804CE69}.Release|ARM.Build.0 = Release|ARM
		{8BE3DC71-8A9E-4517-B292-F639E804CE69}.Release|ARM.Deploy.0 = Release|ARM
		{8BE3DC71-8A9E-4517-B292-F639E804CE69}.Release|ARM64.ActiveCfg = Release|ARM64
		{8BE3DC71-8A9E-4517-B292-F639E804CE69}.Release|ARM64.Build.0 = Release|ARM64
		{8BE3DC71-8A9E-4517-B292-F639E804CE69}.Release|ARM64.Deploy.0 = Release|ARM64
		{8BE3DC71-8A9E-4517-B292-F639E804CE69}.Release|x64.ActiveCfg = Release|x64
		{8BE3DC71-8A9E-4517-B292-F639E804CE69}.Release|x64.Build.0 = Release|x64
		{8BE3DC71-8A9E-4517-B292-F639E804CE69}.Release|x64.Deploy.0 = Release|x64
		{8BE3DC71-8A9E-4517-B292-F639E804CE69}.Release|x86.ActiveCfg = Release|x86
		{8BE3DC71-8A9E-4517-B292-F639E804CE69}.Release|x86.Build.0 = Release|x86
		{8BE3DC71-8A9E-4517-B292-F639E804CE69}.Release|x86.Deploy.0 = Release|x86
		{15F40FA6-0794-4774-88F3-BA6571D633D2}.Debug|Any CPU.ActiveCfg = Debug|Any CPU
		{15F40FA6-0794-4774-88F3-BA6571D633D2}.Debug|Any CPU.Build.0 = Debug|Any CPU
		{15F40FA6-0794-4774-88F3-BA6571D633D2}.Debug|ARM.ActiveCfg = Debug|Any CPU
		{15F40FA6-0794-4774-88F3-BA6571D633D2}.Debug|ARM.Build.0 = Debug|Any CPU
		{15F40FA6-0794-4774-88F3-BA6571D633D2}.Debug|ARM64.ActiveCfg = Debug|Any CPU
		{15F40FA6-0794-4774-88F3-BA6571D633D2}.Debug|ARM64.Build.0 = Debug|Any CPU
		{15F40FA6-0794-4774-88F3-BA6571D633D2}.Debug|x64.ActiveCfg = Debug|Any CPU
		{15F40FA6-0794-4774-88F3-BA6571D633D2}.Debug|x64.Build.0 = Debug|Any CPU
		{15F40FA6-0794-4774-88F3-BA6571D633D2}.Debug|x86.ActiveCfg = Debug|Any CPU
		{15F40FA6-0794-4774-88F3-BA6571D633D2}.Debug|x86.Build.0 = Debug|Any CPU
		{15F40FA6-0794-4774-88F3-BA6571D633D2}.Release|Any CPU.ActiveCfg = Release|Any CPU
		{15F40FA6-0794-4774-88F3-BA6571D633D2}.Release|Any CPU.Build.0 = Release|Any CPU
		{15F40FA6-0794-4774-88F3-BA6571D633D2}.Release|ARM.ActiveCfg = Release|Any CPU
		{15F40FA6-0794-4774-88F3-BA6571D633D2}.Release|ARM.Build.0 = Release|Any CPU
		{15F40FA6-0794-4774-88F3-BA6571D633D2}.Release|ARM64.ActiveCfg = Release|Any CPU
		{15F40FA6-0794-4774-88F3-BA6571D633D2}.Release|ARM64.Build.0 = Release|Any CPU
		{15F40FA6-0794-4774-88F3-BA6571D633D2}.Release|x64.ActiveCfg = Release|Any CPU
		{15F40FA6-0794-4774-88F3-BA6571D633D2}.Release|x64.Build.0 = Release|Any CPU
		{15F40FA6-0794-4774-88F3-BA6571D633D2}.Release|x86.ActiveCfg = Release|Any CPU
		{15F40FA6-0794-4774-88F3-BA6571D633D2}.Release|x86.Build.0 = Release|Any CPU
	EndGlobalSection
	GlobalSection(SolutionProperties) = preSolution
		HideSolutionNode = FALSE
	EndGlobalSection
	GlobalSection(ExtensibilityGlobals) = postSolution
		SolutionGuid = {FA654D4D-7A5F-4316-879C-4941052D4CEB}
	EndGlobalSection
EndGlobal
