
Microsoft Visual Studio Solution File, Format Version 12.00
# Visual Studio Version 16
VisualStudioVersion = 16.0.30011.22
MinimumVisualStudioVersion = 10.0.40219.1
Project("{9A19103F-16F7-4668-BE54-9A1E7A4F7556}") = "ChatHeads", "ChatHeads\ChatHeads.csproj", "{104D3FB4-9D09-4DDF-91CF-E56687A5EA02}"
EndProject
Project("{FAE04EC0-301F-11D3-BF4B-00C04F79EFBC}") = "ChatHeads.UI.Controls", "ChatHeads.UI.Controls\ChatHeads.UI.Controls.csproj", "{C4BEC23F-A0E9-4055-9F48-C297B90A1442}"
EndProject
Project("{FAE04EC0-301F-11D3-BF4B-00C04F79EFBC}") = "ChatHeads.UI", "ChatHeads.UI\ChatHeads.UI.csproj", "{DDF5CB72-B29A-411D-A7C8-F89FB3DCD9FA}"
EndProject
Global
	GlobalSection(SolutionConfigurationPlatforms) = preSolution
		Debug|Any CPU = Debug|Any CPU
		Release|Any CPU = Release|Any CPU
	EndGlobalSection
	GlobalSection(ProjectConfigurationPlatforms) = postSolution
		{104D3FB4-9D09-4DDF-91CF-E56687A5EA02}.Debug|Any CPU.ActiveCfg = Debug|Any CPU
		{104D3FB4-9D09-4DDF-91CF-E56687A5EA02}.Debug|Any CPU.Build.0 = Debug|Any CPU
		{104D3FB4-9D09-4DDF-91CF-E56687A5EA02}.Release|Any CPU.ActiveCfg = Release|Any CPU
		{104D3FB4-9D09-4DDF-91CF-E56687A5EA02}.Release|Any CPU.Build.0 = Release|Any CPU
		{C4BEC23F-A0E9-4055-9F48-C297B90A1442}.Debug|Any CPU.ActiveCfg = Debug|Any CPU
		{C4BEC23F-A0E9-4055-9F48-C297B90A1442}.Debug|Any CPU.Build.0 = Debug|Any CPU
		{C4BEC23F-A0E9-4055-9F48-C297B90A1442}.Release|Any CPU.ActiveCfg = Release|Any CPU
		{C4BEC23F-A0E9-4055-9F48-C297B90A1442}.Release|Any CPU.Build.0 = Release|Any CPU
		{DDF5CB72-B29A-411D-A7C8-F89FB3DCD9FA}.Debug|Any CPU.ActiveCfg = Debug|Any CPU
		{DDF5CB72-B29A-411D-A7C8-F89FB3DCD9FA}.Debug|Any CPU.Build.0 = Debug|Any CPU
		{DDF5CB72-B29A-411D-A7C8-F89FB3DCD9FA}.Release|Any CPU.ActiveCfg = Release|Any CPU
		{DDF5CB72-B29A-411D-A7C8-F89FB3DCD9FA}.Release|Any CPU.Build.0 = Release|Any CPU
	EndGlobalSection
	GlobalSection(SolutionProperties) = preSolution
		HideSolutionNode = FALSE
	EndGlobalSection
	GlobalSection(ExtensibilityGlobals) = postSolution
		SolutionGuid = {FA654D4D-7A5F-4316-879C-4941052D4CEB}
	EndGlobalSection
EndGlobal
